
Microsoft Visual Studio Solution File, Format Version 12.00
# Visual Studio Version 17
VisualStudioVersion = 17.0.32014.148
MinimumVisualStudioVersion = 10.0.40219.1
Project("{9A19103F-16F7-4668-BE54-9A1E7A4F7556}") = "PwMini.IO_Tutorial.CalculatorLibrary", "src\PwMini.IO_Tutorial.CalculatorLibrary\PwMini.IO_Tutorial.CalculatorLibrary.csproj", "{2D1BDD07-2029-4BAF-B906-6C853D93A052}"
EndProject
Project("{9A19103F-16F7-4668-BE54-9A1E7A4F7556}") = "PwMini.IO_Tutorial.CalculatorLibraryTests", "tests\PwMini.IO_Tutorial.CalculatorLibraryTests\PwMini.IO_Tutorial.CalculatorLibraryTests.csproj", "{EFAAF54C-A747-409B-BE59-03CA2735A55A}"
EndProject
Global
	GlobalSection(SolutionConfigurationPlatforms) = preSolution
		Debug|Any CPU = Debug|Any CPU
		Release|Any CPU = Release|Any CPU
	EndGlobalSection
	GlobalSection(ProjectConfigurationPlatforms) = postSolution
		{2D1BDD07-2029-4BAF-B906-6C853D93A052}.Debug|Any CPU.ActiveCfg = Debug|Any CPU
		{2D1BDD07-2029-4BAF-B906-6C853D93A052}.Debug|Any CPU.Build.0 = Debug|Any CPU
		{2D1BDD07-2029-4BAF-B906-6C853D93A052}.Release|Any CPU.ActiveCfg = Release|Any CPU
		{2D1BDD07-2029-4BAF-B906-6C853D93A052}.Release|Any CPU.Build.0 = Release|Any CPU
		{EFAAF54C-A747-409B-BE59-03CA2735A55A}.Debug|Any CPU.ActiveCfg = Debug|Any CPU
		{EFAAF54C-A747-409B-BE59-03CA2735A55A}.Debug|Any CPU.Build.0 = Debug|Any CPU
		{EFAAF54C-A747-409B-BE59-03CA2735A55A}.Release|Any CPU.ActiveCfg = Release|Any CPU
		{EFAAF54C-A747-409B-BE59-03CA2735A55A}.Release|Any CPU.Build.0 = Release|Any CPU
	EndGlobalSection
	GlobalSection(SolutionProperties) = preSolution
		HideSolutionNode = FALSE
	EndGlobalSection
	GlobalSection(ExtensibilityGlobals) = postSolution
		SolutionGuid = {C3838459-029D-4E83-AC3F-0045B90B6B04}
	EndGlobalSection
EndGlobal
